{
  "name": "sorter",
  "lockfileVersion": 3,
  "requires": true,
  "packages": {
    "lib": {
      "name": "@sorter/api",
      "version": "1.0.0"
    },
    "node_modules/@sorter/api": {
      "resolved": "lib",
      "link": true
    },
    "node_modules/@trpc/client": {
      "version": "11.0.0-rc.456",
      "resolved": "https://registry.npmjs.org/@trpc/client/-/client-11.0.0-rc.456.tgz",
      "integrity": "sha512-orLt5MbY1CiKPO9IYHbTJKvkQr24M7RhU9qXvCPmmRfAHGWXNxh3bN1vTgemaQy9UL+qVi8H6bPXuQnkp2b3Gw==",
      "funding": [
        "https://trpc.io/sponsor"
      ],
      "peerDependencies": {
        "@trpc/server": "11.0.0-rc.456+a9a2c25b1"
      }
    },
    "node_modules/@trpc/server": {
      "version": "11.0.0-rc.456",
      "resolved": "https://registry.npmjs.org/@trpc/server/-/server-11.0.0-rc.456.tgz",
      "integrity": "sha512-Ow2+m7myyMNqcFH4AHeIy0saaTDWmpj3QRekCbeZepbxmB8d3PLXESTSs3UJuORdT9+bDr9T08o5FkaP4ew2QQ==",
      "funding": [
        "https://trpc.io/sponsor"
      ]
    }
  }
}
